
Microsoft Visual Studio Solution File, Format Version 12.00
# Visual Studio 15
VisualStudioVersion = 15.0.27703.2018
MinimumVisualStudioVersion = 10.0.40219.1
Project("{8BC9CEB8-8B4A-11D0-8D11-00A0C91BC942}") = "01.HelloWorld", "HelloWorld\HelloWorld.vcxproj", "{505A86EA-A932-44CC-8367-C9A3D4323F4F}"
EndProject
Project("{8BC9CEB8-8B4A-11D0-8D11-00A0C91BC942}") = "02.SumTwoNumbers", "SumTwoNumbers\SumTwoNumbers.vcxproj", "{632136FE-88B2-4092-A10F-3C11C4667094}"
EndProject
Project("{8BC9CEB8-8B4A-11D0-8D11-00A0C91BC942}") = "03.PrintNumbersInRange", "PrintNumbersInRange\PrintNumbersInRange.vcxproj", "{D1696EDC-087A-42D4-B81D-3D83C514D5CF}"
EndProject
Project("{8BC9CEB8-8B4A-11D0-8D11-00A0C91BC942}") = "04.PrintNumbersInRange2", "PrintNumbersInRange2\PrintNumbersInRange2.vcxproj", "{96D91F0F-F0D3-4D46-A641-06FD52DFDE5F}"
EndProject
Project("{8BC9CEB8-8B4A-11D0-8D11-00A0C91BC942}") = "05.Functions", "Functions\Functions.vcxproj", "{2EB707D5-07C4-4360-B497-0ADE2A44CB24}"
EndProject
Project("{8BC9CEB8-8B4A-11D0-8D11-00A0C91BC942}") = "06.Arrays", "06.Arrays\06.Arrays.vcxproj", "{117745C5-69B2-407F-9942-0DBB5444FEB7}"
EndProject
Project("{8BC9CEB8-8B4A-11D0-8D11-00A0C91BC942}") = "07.Exercise", "07.Exercise\07.Exercise.vcxproj", "{535A9F1B-EFF6-4873-92FA-D1F212848553}"
EndProject
Global
	GlobalSection(SolutionConfigurationPlatforms) = preSolution
		Debug|x64 = Debug|x64
		Debug|x86 = Debug|x86
		Release|x64 = Release|x64
		Release|x86 = Release|x86
	EndGlobalSection
	GlobalSection(ProjectConfigurationPlatforms) = postSolution
		{505A86EA-A932-44CC-8367-C9A3D4323F4F}.Debug|x64.ActiveCfg = Debug|x64
		{505A86EA-A932-44CC-8367-C9A3D4323F4F}.Debug|x64.Build.0 = Debug|x64
		{505A86EA-A932-44CC-8367-C9A3D4323F4F}.Debug|x86.ActiveCfg = Debug|Win32
		{505A86EA-A932-44CC-8367-C9A3D4323F4F}.Debug|x86.Build.0 = Debug|Win32
		{505A86EA-A932-44CC-8367-C9A3D4323F4F}.Release|x64.ActiveCfg = Release|x64
		{505A86EA-A932-44CC-8367-C9A3D4323F4F}.Release|x64.Build.0 = Release|x64
		{505A86EA-A932-44CC-8367-C9A3D4323F4F}.Release|x86.ActiveCfg = Release|Win32
		{505A86EA-A932-44CC-8367-C9A3D4323F4F}.Release|x86.Build.0 = Release|Win32
		{632136FE-88B2-4092-A10F-3C11C4667094}.Debug|x64.ActiveCfg = Debug|x64
		{632136FE-88B2-4092-A10F-3C11C4667094}.Debug|x64.Build.0 = Debug|x64
		{632136FE-88B2-4092-A10F-3C11C4667094}.Debug|x86.ActiveCfg = Debug|Win32
		{632136FE-88B2-4092-A10F-3C11C4667094}.Debug|x86.Build.0 = Debug|Win32
		{632136FE-88B2-4092-A10F-3C11C4667094}.Release|x64.ActiveCfg = Release|x64
		{632136FE-88B2-4092-A10F-3C11C4667094}.Release|x64.Build.0 = Release|x64
		{632136FE-88B2-4092-A10F-3C11C4667094}.Release|x86.ActiveCfg = Release|Win32
		{632136FE-88B2-4092-A10F-3C11C4667094}.Release|x86.Build.0 = Release|Win32
		{D1696EDC-087A-42D4-B81D-3D83C514D5CF}.Debug|x64.ActiveCfg = Debug|x64
		{D1696EDC-087A-42D4-B81D-3D83C514D5CF}.Debug|x64.Build.0 = Debug|x64
		{D1696EDC-087A-42D4-B81D-3D83C514D5CF}.Debug|x86.ActiveCfg = Debug|Win32
		{D1696EDC-087A-42D4-B81D-3D83C514D5CF}.Debug|x86.Build.0 = Debug|Win32
		{D1696EDC-087A-42D4-B81D-3D83C514D5CF}.Release|x64.ActiveCfg = Release|x64
		{D1696EDC-087A-42D4-B81D-3D83C514D5CF}.Release|x64.Build.0 = Release|x64
		{D1696EDC-087A-42D4-B81D-3D83C514D5CF}.Release|x86.ActiveCfg = Release|Win32
		{D1696EDC-087A-42D4-B81D-3D83C514D5CF}.Release|x86.Build.0 = Release|Win32
		{96D91F0F-F0D3-4D46-A641-06FD52DFDE5F}.Debug|x64.ActiveCfg = Debug|x64
		{96D91F0F-F0D3-4D46-A641-06FD52DFDE5F}.Debug|x64.Build.0 = Debug|x64
		{96D91F0F-F0D3-4D46-A641-06FD52DFDE5F}.Debug|x86.ActiveCfg = Debug|Win32
		{96D91F0F-F0D3-4D46-A641-06FD52DFDE5F}.Debug|x86.Build.0 = Debug|Win32
		{96D91F0F-F0D3-4D46-A641-06FD52DFDE5F}.Release|x64.ActiveCfg = Release|x64
		{96D91F0F-F0D3-4D46-A641-06FD52DFDE5F}.Release|x64.Build.0 = Release|x64
		{96D91F0F-F0D3-4D46-A641-06FD52DFDE5F}.Release|x86.ActiveCfg = Release|Win32
		{96D91F0F-F0D3-4D46-A641-06FD52DFDE5F}.Release|x86.Build.0 = Release|Win32
		{2EB707D5-07C4-4360-B497-0ADE2A44CB24}.Debug|x64.ActiveCfg = Debug|x64
		{2EB707D5-07C4-4360-B497-0ADE2A44CB24}.Debug|x64.Build.0 = Debug|x64
		{2EB707D5-07C4-4360-B497-0ADE2A44CB24}.Debug|x86.ActiveCfg = Debug|Win32
		{2EB707D5-07C4-4360-B497-0ADE2A44CB24}.Debug|x86.Build.0 = Debug|Win32
		{2EB707D5-07C4-4360-B497-0ADE2A44CB24}.Release|x64.ActiveCfg = Release|x64
		{2EB707D5-07C4-4360-B497-0ADE2A44CB24}.Release|x64.Build.0 = Release|x64
		{2EB707D5-07C4-4360-B497-0ADE2A44CB24}.Release|x86.ActiveCfg = Release|Win32
		{2EB707D5-07C4-4360-B497-0ADE2A44CB24}.Release|x86.Build.0 = Release|Win32
		{117745C5-69B2-407F-9942-0DBB5444FEB7}.Debug|x64.ActiveCfg = Debug|x64
		{117745C5-69B2-407F-9942-0DBB5444FEB7}.Debug|x64.Build.0 = Debug|x64
		{117745C5-69B2-407F-9942-0DBB5444FEB7}.Debug|x86.ActiveCfg = Debug|Win32
		{117745C5-69B2-407F-9942-0DBB5444FEB7}.Debug|x86.Build.0 = Debug|Win32
		{117745C5-69B2-407F-9942-0DBB5444FEB7}.Release|x64.ActiveCfg = Release|x64
		{117745C5-69B2-407F-9942-0DBB5444FEB7}.Release|x64.Build.0 = Release|x64
		{117745C5-69B2-407F-9942-0DBB5444FEB7}.Release|x86.ActiveCfg = Release|Win32
		{117745C5-69B2-407F-9942-0DBB5444FEB7}.Release|x86.Build.0 = Release|Win32
		{535A9F1B-EFF6-4873-92FA-D1F212848553}.Debug|x64.ActiveCfg = Debug|x64
		{535A9F1B-EFF6-4873-92FA-D1F212848553}.Debug|x64.Build.0 = Debug|x64
		{535A9F1B-EFF6-4873-92FA-D1F212848553}.Debug|x86.ActiveCfg = Debug|Win32
		{535A9F1B-EFF6-4873-92FA-D1F212848553}.Debug|x86.Build.0 = Debug|Win32
		{535A9F1B-EFF6-4873-92FA-D1F212848553}.Release|x64.ActiveCfg = Release|x64
		{535A9F1B-EFF6-4873-92FA-D1F212848553}.Release|x64.Build.0 = Release|x64
		{535A9F1B-EFF6-4873-92FA-D1F212848553}.Release|x86.ActiveCfg = Release|Win32
		{535A9F1B-EFF6-4873-92FA-D1F212848553}.Release|x86.Build.0 = Release|Win32
	EndGlobalSection
	GlobalSection(SolutionProperties) = preSolution
		HideSolutionNode = FALSE
	EndGlobalSection
	GlobalSection(ExtensibilityGlobals) = postSolution
		SolutionGuid = {3FBC3C5E-530F-4E07-9177-45C659DDB5B5}
	EndGlobalSection
EndGlobal
